// !$*UTF8*$!
{
	archiveVersion = 1;
	classes = {
	};
	objectVersion = 46;
	objects = {

/* Begin PBXBuildFile section */
		824B9B911B557F5A006C58DF /* main.m in Sources */ = {isa = PBXBuildFile; fileRef = 824B9B901B557F5A006C58DF /* main.m */; };
		824B9B941B557F5A006C58DF /* AppDelegate.m in Sources */ = {isa = PBXBuildFile; fileRef = 824B9B931B557F5A006C58DF /* AppDelegate.m */; };
		824B9B971B557F5A006C58DF /* ViewController.m in Sources */ = {isa = PBXBuildFile; fileRef = 824B9B961B557F5A006C58DF /* ViewController.m */; };
		824B9B9A1B557F5A006C58DF /* Main.storyboard in Resources */ = {isa = PBXBuildFile; fileRef = 824B9B981B557F5A006C58DF /* Main.storyboard */; };
		824B9B9C1B557F5A006C58DF /* Images.xcassets in Resources */ = {isa = PBXBuildFile; fileRef = 824B9B9B1B557F5A006C58DF /* Images.xcassets */; };
		824B9B9F1B557F5A006C58DF /* LaunchScreen.xib in Resources */ = {isa = PBXBuildFile; fileRef = 824B9B9D1B557F5A006C58DF /* LaunchScreen.xib */; };
		824B9BAB1B557F5A006C58DF /* SceneKitDaeFileTests.m in Sources */ = {isa = PBXBuildFile; fileRef = 824B9BAA1B557F5A006C58DF /* SceneKitDaeFileTests.m */; };
/* End PBXBuildFile section */

/* Begin PBXContainerItemProxy section */
		824B9BA51B557F5A006C58DF /* PBXContainerItemProxy */ = {
			isa = PBXContainerItemProxy;
			containerPortal = 824B9B831B557F5A006C58DF /* Project object */;
			proxyType = 1;
			remoteGlobalIDString = 824B9B8A1B557F5A006C58DF;
			remoteInfo = SceneKitDaeFile;
		};
/* End PBXContainerItemProxy section */

/* Begin PBXFileReference section */
		824B9B8B1B557F5A006C58DF /* SceneKitDaeFile.app */ = {isa = PBXFileReference; explicitFileType = wrapper.application; includeInIndex = 0; path = SceneKitDaeFile.app; sourceTree = BUILT_PRODUCTS_DIR; };
		824B9B8F1B557F5A006C58DF /* Info.plist */ = {isa = PBXFileReference; lastKnownFileType = text.plist.xml; path = Info.plist; sourceTree = "<group>"; };
		824B9B901B557F5A006C58DF /* main.m */ = {isa = PBXFileReference; lastKnownFileType = sourcecode.c.objc; path = main.m; sourceTree = "<group>"; };
		824B9B921B557F5A006C58DF /* AppDelegate.h */ = {isa = PBXFileReference; lastKnownFileType = sourcecode.c.h; path = AppDelegate.h; sourceTree = "<group>"; };
		824B9B931B557F5A006C58DF /* AppDelegate.m */ = {isa = PBXFileReference; lastKnownFileType = sourcecode.c.objc; path = AppDelegate.m; sourceTree = "<group>"; };
		824B9B951B557F5A006C58DF /* ViewController.h */ = {isa = PBXFileReference; lastKnownFileType = sourcecode.c.h; path = ViewController.h; sourceTree = "<group>"; };
		824B9B961B557F5A006C58DF /* ViewController.m */ = {isa = PBXFileReference; lastKnownFileType = sourcecode.c.objc; path = ViewController.m; sourceTree = "<group>"; };
		824B9B991B557F5A006C58DF /* Base */ = {isa = PBXFileReference; lastKnownFileType = file.storyboard; name = Base; path = Base.lproj/Main.storyboard; sourceTree = "<group>"; };
		824B9B9B1B557F5A006C58DF /* Images.xcassets */ = {isa = PBXFileReference; lastKnownFileType = folder.assetcatalog; path = Images.xcassets; sourceTree = "<group>"; };
		824B9B9E1B557F5A006C58DF /* Base */ = {isa = PBXFileReference; lastKnownFileType = file.xib; name = Base; path = Base.lproj/LaunchScreen.xib; sourceTree = "<group>"; };
		824B9BA41B557F5A006C58DF /* SceneKitDaeFileTests.xctest */ = {isa = PBXFileReference; explicitFileType = wrapper.cfbundle; includeInIndex = 0; path = SceneKitDaeFileTests.xctest; sourceTree = BUILT_PRODUCTS_DIR; };
		824B9BA91B557F5A006C58DF /* Info.plist */ = {isa = PBXFileReference; lastKnownFileType = text.plist.xml; path = Info.plist; sourceTree = "<group>"; };
		824B9BAA1B557F5A006C58DF /* SceneKitDaeFileTests.m */ = {isa = PBXFileReference; lastKnownFileType = sourcecode.c.objc; path = SceneKitDaeFileTests.m; sourceTree = "<group>"; };
/* End PBXFileReference section */

/* Begin PBXFrameworksBuildPhase section */
		824B9B881B557F5A006C58DF /* Frameworks */ = {
			isa = PBXFrameworksBuildPhase;
			buildActionMask = 2147483647;
			files = (
			);
			runOnlyForDeploymentPostprocessing = 0;
		};
		824B9BA11B557F5A006C58DF /* Frameworks */ = {
			isa = PBXFrameworksBuildPhase;
			buildActionMask = 2147483647;
			files = (
			);
			runOnlyForDeploymentPostprocessing = 0;
		};
/* End PBXFrameworksBuildPhase section */

/* Begin PBXGroup section */
		824B9B821B557F5A006C58DF = {
			isa = PBXGroup;
			children = (
				824B9B8D1B557F5A006C58DF /* SceneKitDaeFile */,
				824B9BA71B557F5A006C58DF /* SceneKitDaeFileTests */,
				824B9B8C1B557F5A006C58DF /* Products */,
			);
			sourceTree = "<group>";
		};
		824B9B8C1B557F5A006C58DF /* Products */ = {
			isa = PBXGroup;
			children = (
				824B9B8B1B557F5A006C58DF /* SceneKitDaeFile.app */,
				824B9BA41B557F5A006C58DF /* SceneKitDaeFileTests.xctest */,
			);
			name = Products;
			sourceTree = "<group>";
		};
		824B9B8D1B557F5A006C58DF /* SceneKitDaeFile */ = {
			isa = PBXGroup;
			children = (
				824B9B921B557F5A006C58DF /* AppDelegate.h */,
				824B9B931B557F5A006C58DF /* AppDelegate.m */,
				824B9B951B557F5A006C58DF /* ViewController.h */,
				824B9B961B557F5A006C58DF /* ViewController.m */,
				824B9B981B557F5A006C58DF /* Main.storyboard */,
				824B9B9B1B557F5A006C58DF /* Images.xcassets */,
				824B9B9D1B557F5A006C58DF /* LaunchScreen.xib */,
				824B9B8E1B557F5A006C58DF /* Supporting Files */,
			);
			path = SceneKitDaeFile;
			sourceTree = "<group>";
		};
		824B9B8E1B557F5A006C58DF /* Supporting Files */ = {
			isa = PBXGroup;
			children = (
				824B9B8F1B557F5A006C58DF /* Info.plist */,
				824B9B901B557F5A006C58DF /* main.m */,
			);
			name = "Supporting Files";
			sourceTree = "<group>";
		};
		824B9BA71B557F5A006C58DF /* SceneKitDaeFileTests */ = {
			isa = PBXGroup;
			children = (
				824B9BAA1B557F5A006C58DF /* SceneKitDaeFileTests.m */,
				824B9BA81B557F5A006C58DF /* Supporting Files */,
			);
			path = SceneKitDaeFileTests;
			sourceTree = "<group>";
		};
		824B9BA81B557F5A006C58DF /* Supporting Files */ = {
			isa = PBXGroup;
			children = (
				824B9BA91B557F5A006C58DF /* Info.plist */,
			);
			name = "Supporting Files";
			sourceTree = "<group>";
		};
/* End PBXGroup section */

/* Begin PBXNativeTarget section */
		824B9B8A1B557F5A006C58DF /* SceneKitDaeFile */ = {
			isa = PBXNativeTarget;
			buildConfigurationList = 824B9BAE1B557F5A006C58DF /* Build configuration list for PBXNativeTarget "SceneKitDaeFile" */;
			buildPhases = (
				824B9B871B557F5A006C58DF /* Sources */,
				824B9B881B557F5A006C58DF /* Frameworks */,
				824B9B891B557F5A006C58DF /* Resources */,
			);
			buildRules = (
			);
			dependencies = (
			);
			name = SceneKitDaeFile;
			productName = SceneKitDaeFile;
			productReference = 824B9B8B1B557F5A006C58DF /* SceneKitDaeFile.app */;
			productType = "com.apple.product-type.application";
		};
		824B9BA31B557F5A006C58DF /* SceneKitDaeFileTests */ = {
			isa = PBXNativeTarget;
			buildConfigurationList = 824B9BB11B557F5A006C58DF /* Build configuration list for PBXNativeTarget "SceneKitDaeFileTests" */;
			buildPhases = (
				824B9BA01B557F5A006C58DF /* Sources */,
				824B9BA11B557F5A006C58DF /* Frameworks */,
				824B9BA21B557F5A006C58DF /* Resources */,
			);
			buildRules = (
			);
			dependencies = (
				824B9BA61B557F5A006C58DF /* PBXTargetDependency */,
			);
			name = SceneKitDaeFileTests;
			productName = SceneKitDaeFileTests;
			productReference = 824B9BA41B557F5A006C58DF /* SceneKitDaeFileTests.xctest */;
			productType = "com.apple.product-type.bundle.unit-test";
		};
/* End PBXNativeTarget section */

/* Begin PBXProject section */
		824B9B831B557F5A006C58DF /* Project object */ = {
			isa = PBXProject;
			attributes = {
				LastUpgradeCheck = 0630;
				ORGANIZATIONNAME = "Xiaohe Hu";
				TargetAttributes = {
					824B9B8A1B557F5A006C58DF = {
						CreatedOnToolsVersion = 6.3.2;
					};
					824B9BA31B557F5A006C58DF = {
						CreatedOnToolsVersion = 6.3.2;
						TestTargetID = 824B9B8A1B557F5A006C58DF;
					};
				};
			};
			buildConfigurationList = 824B9B861B557F5A006C58DF /* Build configuration list for PBXProject "SceneKitDaeFile" */;
			compatibilityVersion = "Xcode 3.2";
			developmentRegion = English;
			hasScannedForEncodings = 0;
			knownRegions = (
				en,
				Base,
			);
			mainGroup = 824B9B821B557F5A006C58DF;
			productRefGroup = 824B9B8C1B557F5A006C58DF /* Products */;
			projectDirPath = "";
			projectRoot = "";
			targets = (
				824B9B8A1B557F5A006C58DF /* SceneKitDaeFile */,
				824B9BA31B557F5A006C58DF /* SceneKitDaeFileTests */,
			);
		};
/* End PBXProject section */

/* Begin PBXResourcesBuildPhase section */
		824B9B891B557F5A006C58DF /* Resources */ = {
			isa = PBXResourcesBuildPhase;
			buildActionMask = 2147483647;
			files = (
				824B9B9A1B557F5A006C58DF /* Main.storyboard in Resources */,
				824B9B9F1B557F5A006C58DF /* LaunchScreen.xib in Resources */,
				824B9B9C1B557F5A006C58DF /* Images.xcassets in Resources */,
			);
			runOnlyForDeploymentPostprocessing = 0;
		};
		824B9BA21B557F5A006C58DF /* Resources */ = {
			isa = PBXResourcesBuildPhase;
			buildActionMask = 2147483647;
			files = (
			);
			runOnlyForDeploymentPostprocessing = 0;
		};
/* End PBXResourcesBuildPhase section */

/* Begin PBXSourcesBuildPhase section */
		824B9B871B557F5A006C58DF /* Sources */ = {
			isa = PBXSourcesBuildPhase;
			buildActionMask = 2147483647;
			files = (
				824B9B971B557F5A006C58DF /* ViewController.m in Sources */,
				824B9B941B557F5A006C58DF /* AppDelegate.m in Sources */,
				824B9B911B557F5A006C58DF /* main.m in Sources */,
			);
			runOnlyForDeploymentPostprocessing = 0;
		};
		824B9BA01B557F5A006C58DF /* Sources */ = {
			isa = PBXSourcesBuildPhase;
			buildActionMask = 2147483647;
			files = (
				824B9BAB1B557F5A006C58DF /* SceneKitDaeFileTests.m in Sources */,
			);
			runOnlyForDeploymentPostprocessing = 0;
		};
/* End PBXSourcesBuildPhase section */

/* Begin PBXTargetDependency section */
		824B9BA61B557F5A006C58DF /* PBXTargetDependency */ = {
			isa = PBXTargetDependency;
			target = 824B9B8A1B557F5A006C58DF /* SceneKitDaeFile */;
			targetProxy = 824B9BA51B557F5A006C58DF /* PBXContainerItemProxy */;
		};
/* End PBXTargetDependency section */

/* Begin PBXVariantGroup section */
		824B9B981B557F5A006C58DF /* Main.storyboard */ = {
			isa = PBXVariantGroup;
			children = (
				824B9B991B557F5A006C58DF /* Base */,
			);
			name = Main.storyboard;
			sourceTree = "<group>";
		};
		824B9B9D1B557F5A006C58DF /* LaunchScreen.xib */ = {
			isa = PBXVariantGroup;
			children = (
				824B9B9E1B557F5A006C58DF /* Base */,
			);
			name = LaunchScreen.xib;
			sourceTree = "<group>";
		};
/* End PBXVariantGroup section */

/* Begin XCBuildConfiguration section */
		824B9BAC1B557F5A006C58DF /* Debug */ = {
			isa = XCBuildConfiguration;
			buildSettings = {
				ALWAYS_SEARCH_USER_PATHS = NO;
				CLANG_CXX_LANGUAGE_STANDARD = "gnu++0x";
				CLANG_CXX_LIBRARY = "libc++";
				CLANG_ENABLE_MODULES = YES;
				CLANG_ENABLE_OBJC_ARC = YES;
				CLANG_WARN_BOOL_CONVERSION = YES;
				CLANG_WARN_CONSTANT_CONVERSION = YES;
				CLANG_WARN_DIRECT_OBJC_ISA_USAGE = YES_ERROR;
				CLANG_WARN_EMPTY_BODY = YES;
				CLANG_WARN_ENUM_CONVERSION = YES;
				CLANG_WARN_INT_CONVERSION = YES;
				CLANG_WARN_OBJC_ROOT_CLASS = YES_ERROR;
				CLANG_WARN_UNREACHABLE_CODE = YES;
				CLANG_WARN__DUPLICATE_METHOD_MATCH = YES;
				"CODE_SIGN_IDENTITY[sdk=iphoneos*]" = "iPhone Developer";
				COPY_PHASE_STRIP = NO;
				DEBUG_INFORMATION_FORMAT = "dwarf-with-dsym";
				ENABLE_STRICT_OBJC_MSGSEND = YES;
				GCC_C_LANGUAGE_STANDARD = gnu99;
				GCC_DYNAMIC_NO_PIC = NO;
				GCC_NO_COMMON_BLOCKS = YES;
				GCC_OPTIMIZATION_LEVEL = 0;
				GCC_PREPROCESSOR_DEFINITIONS = (
					"DEBUG=1",
					"$(inherited)",
				);
				GCC_SYMBOLS_PRIVATE_EXTERN = NO;
				GCC_WARN_64_TO_32_BIT_CONVERSION = YES;
				GCC_WARN_ABOUT_RETURN_TYPE = YES_ERROR;
				GCC_WARN_UNDECLARED_SELECTOR = YES;
				GCC_WARN_UNINITIALIZED_AUTOS = YES_AGGRESSIVE;
				GCC_WARN_UNUSED_FUNCTION = YES;
				GCC_WARN_UNUSED_VARIABLE = YES;
				IPHONEOS_DEPLOYMENT_TARGET = 8.3;
				MTL_ENABLE_DEBUG_INFO = YES;
				ONLY_ACTIVE_ARCH = YES;
				SDKROOT = iphoneos;
				TARGETED_DEVICE_FAMILY = "1,2";
			};
			name = Debug;
		};
		824B9BAD1B557F5A006C58DF /* Release */ = {
			isa = XCBuildConfiguration;
			buildSettings = {
				ALWAYS_SEARCH_USER_PATHS = NO;
				CLANG_CXX_LANGUAGE_STANDARD = "gnu++0x";
				CLANG_CXX_LIBRARY = "libc++";
				CLANG_ENABLE_MODULES = YES;
				CLANG_ENABLE_OBJC_ARC = YES;
				CLANG_WARN_BOOL_CONVERSION = YES;
				CLANG_WARN_CONSTANT_CONVERSION = YES;
				CLANG_WARN_DIRECT_OBJC_ISA_USAGE = YES_ERROR;
				CLANG_WARN_EMPTY_BODY = YES;
				CLANG_WARN_ENUM_CONVERSION = YES;
				CLANG_WARN_INT_CONVERSION = YES;
				CLANG_WARN_OBJC_ROOT_CLASS = YES_ERROR;
				CLANG_WARN_UNREACHABLE_CODE = YES;
				CLANG_WARN__DUPLICATE_METHOD_MATCH = YES;
				"CODE_SIGN_IDENTITY[sdk=iphoneos*]" = "iPhone Developer";
				COPY_PHASE_STRIP = NO;
				DEBUG_INFORMATION_FORMAT = "dwarf-with-dsym";
				ENABLE_NS_ASSERTIONS = NO;
				ENABLE_STRICT_OBJC_MSGSEND = YES;
				GCC_C_LANGUAGE_STANDARD = gnu99;
				GCC_NO_COMMON_BLOCKS = YES;
				GCC_WARN_64_TO_32_BIT_CONVERSION = YES;
				GCC_WARN_ABOUT_RETURN_TYPE = YES_ERROR;
				GCC_WARN_UNDECLARED_SELECTOR = YES;
				GCC_WARN_UNINITIALIZED_AUTOS = YES_AGGRESSIVE;
				GCC_WARN_UNUSED_FUNCTION = YES;
				GCC_WARN_UNUSED_VARIABLE = YES;
				IPHONEOS_DEPLOYMENT_TARGET = 8.3;
				MTL_ENABLE_DEBUG_INFO = NO;
				SDKROOT = iphoneos;
				TARGETED_DEVICE_FAMILY = "1,2";
				VALIDATE_PRODUCT = YES;
			};
			name = Release;
		};
		824B9BAF1B557F5A006C58DF /* Debug */ = {
			isa = XCBuildConfiguration;
			buildSettings = {
				ASSETCATALOG_COMPILER_APPICON_NAME = AppIcon;
				INFOPLIST_FILE = SceneKitDaeFile/Info.plist;
				LD_RUNPATH_SEARCH_PATHS = "$(inherited) @executable_path/Frameworks";
				PRODUCT_NAME = "$(TARGET_NAME)";
			};
			name = Debug;
		};
		824B9BB01B557F5A006C58DF /* Release */ = {
			isa = XCBuildConfiguration;
			buildSettings = {
				ASSETCATALOG_COMPILER_APPICON_NAME = AppIcon;
				INFOPLIST_FILE = SceneKitDaeFile/Info.plist;
				LD_RUNPATH_SEARCH_PATHS = "$(inherited) @executable_path/Frameworks";
				PRODUCT_NAME = "$(TARGET_NAME)";
			};
			name = Release;
		};
		824B9BB21B557F5A006C58DF /* Debug */ = {
			isa = XCBuildConfiguration;
			buildSettings = {
				BUNDLE_LOADER = "$(TEST_HOST)";
				FRAMEWORK_SEARCH_PATHS = (
					"$(SDKROOT)/Developer/Library/Frameworks",
					"$(inherited)",
				);
				GCC_PREPROCESSOR_DEFINITIONS = (
					"DEBUG=1",
					"$(inherited)",
				);
				INFOPLIST_FILE = SceneKitDaeFileTests/Info.plist;
				LD_RUNPATH_SEARCH_PATHS = "$(inherited) @executable_path/Frameworks @loader_path/Frameworks";
				PRODUCT_NAME = "$(TARGET_NAME)";
				TEST_HOST = "$(BUILT_PRODUCTS_DIR)/SceneKitDaeFile.app/SceneKitDaeFile";
			};
			name = Debug;
		};
		824B9BB31B557F5A006C58DF /* Release */ = {
			isa = XCBuildConfiguration;
			buildSettings = {
				BUNDLE_LOADER = "$(TEST_HOST)";
				FRAMEWORK_SEARCH_PATHS = (
					"$(SDKROOT)/Developer/Library/Frameworks",
					"$(inherited)",
				);
				INFOPLIST_FILE = SceneKitDaeFileTests/Info.plist;
				LD_RUNPATH_SEARCH_PATHS = "$(inherited) @executable_path/Frameworks @loader_path/Frameworks";
				PRODUCT_NAME = "$(TARGET_NAME)";
				TEST_HOST = "$(BUILT_PRODUCTS_DIR)/SceneKitDaeFile.app/SceneKitDaeFile";
			};
			name = Release;
		};
/* End XCBuildConfiguration section */

/* Begin XCConfigurationList section */
		824B9B861B557F5A006C58DF /* Build configuration list for PBXProject "SceneKitDaeFile" */ = {
			isa = XCConfigurationList;
			buildConfigurations = (
				824B9BAC1B557F5A006C58DF /* Debug */,
				824B9BAD1B557F5A006C58DF /* Release */,
			);
			defaultConfigurationIsVisible = 0;
			defaultConfigurationName = Release;
		};
		824B9BAE1B557F5A006C58DF /* Build configuration list for PBXNativeTarget "SceneKitDaeFile" */ = {
			isa = XCConfigurationList;
			buildConfigurations = (
				824B9BAF1B557F5A006C58DF /* Debug */,
				824B9BB01B557F5A006C58DF /* Release */,
			);
			defaultConfigurationIsVisible = 0;
		};
		824B9BB11B557F5A006C58DF /* Build configuration list for PBXNativeTarget "SceneKitDaeFileTests" */ = {
			isa = XCConfigurationList;
			buildConfigurations = (
				824B9BB21B557F5A006C58DF /* Debug */,
				824B9BB31B557F5A006C58DF /* Release */,
			);
			defaultConfigurationIsVisible = 0;
		};
/* End XCConfigurationList section */
	};
	rootObject = 824B9B831B557F5A006C58DF /* Project object */;
}
