// !$*UTF8*$!
{
	archiveVersion = 1;
	classes = {
	};
	objectVersion = 46;
	objects = {

/* Begin PBXBuildFile section */
		822823F81B8656E3004154E7 /* MBProgressHUD.m in Sources */ = {isa = PBXBuildFile; fileRef = 822823F71B8656E3004154E7 /* MBProgressHUD.m */; };
		823464C01B910064005DA3E0 /* Context_BLDGs_00_02.dae in Resources */ = {isa = PBXBuildFile; fileRef = 823464B41B910064005DA3E0 /* Context_BLDGs_00_02.dae */; };
		823464C11B910064005DA3E0 /* Context_BLDGs_01_02.dae in Resources */ = {isa = PBXBuildFile; fileRef = 823464B51B910064005DA3E0 /* Context_BLDGs_01_02.dae */; };
		823464C21B910064005DA3E0 /* Context_BLDGs_02_02.dae in Resources */ = {isa = PBXBuildFile; fileRef = 823464B61B910064005DA3E0 /* Context_BLDGs_02_02.dae */; };
		823464C31B910064005DA3E0 /* Context_BLDGs_03_02.dae in Resources */ = {isa = PBXBuildFile; fileRef = 823464B71B910064005DA3E0 /* Context_BLDGs_03_02.dae */; };
		823464C41B910064005DA3E0 /* Context_BLDGs_04_02.dae in Resources */ = {isa = PBXBuildFile; fileRef = 823464B81B910064005DA3E0 /* Context_BLDGs_04_02.dae */; };
		823464C51B910064005DA3E0 /* Docks_02.dae in Resources */ = {isa = PBXBuildFile; fileRef = 823464B91B910064005DA3E0 /* Docks_02.dae */; };
		823464C61B910064005DA3E0 /* Harbor_Point_02.dae in Resources */ = {isa = PBXBuildFile; fileRef = 823464BA1B910064005DA3E0 /* Harbor_Point_02.dae */; };
		823464C71B910064005DA3E0 /* Land_And_Water_02.dae in Resources */ = {isa = PBXBuildFile; fileRef = 823464BB1B910064005DA3E0 /* Land_And_Water_02.dae */; };
		823464C81B910064005DA3E0 /* Model_Base_02.dae in Resources */ = {isa = PBXBuildFile; fileRef = 823464BC1B910064005DA3E0 /* Model_Base_02.dae */; };
		823464C91B910064005DA3E0 /* Playground_01_A_02.dae in Resources */ = {isa = PBXBuildFile; fileRef = 823464BD1B910064005DA3E0 /* Playground_01_A_02.dae */; };
		823464CA1B910064005DA3E0 /* Playground_02_A_02.dae in Resources */ = {isa = PBXBuildFile; fileRef = 823464BE1B910064005DA3E0 /* Playground_02_A_02.dae */; };
		823464CB1B910064005DA3E0 /* Project_Site_02.dae in Resources */ = {isa = PBXBuildFile; fileRef = 823464BF1B910064005DA3E0 /* Project_Site_02.dae */; };
		824B9B911B557F5A006C58DF /* main.m in Sources */ = {isa = PBXBuildFile; fileRef = 824B9B901B557F5A006C58DF /* main.m */; };
		824B9B941B557F5A006C58DF /* AppDelegate.m in Sources */ = {isa = PBXBuildFile; fileRef = 824B9B931B557F5A006C58DF /* AppDelegate.m */; };
		824B9B971B557F5A006C58DF /* ViewController.m in Sources */ = {isa = PBXBuildFile; fileRef = 824B9B961B557F5A006C58DF /* ViewController.m */; };
		824B9B9A1B557F5A006C58DF /* Main.storyboard in Resources */ = {isa = PBXBuildFile; fileRef = 824B9B981B557F5A006C58DF /* Main.storyboard */; };
		824B9B9C1B557F5A006C58DF /* Images.xcassets in Resources */ = {isa = PBXBuildFile; fileRef = 824B9B9B1B557F5A006C58DF /* Images.xcassets */; };
		824B9B9F1B557F5A006C58DF /* LaunchScreen.xib in Resources */ = {isa = PBXBuildFile; fileRef = 824B9B9D1B557F5A006C58DF /* LaunchScreen.xib */; };
		824B9BAB1B557F5A006C58DF /* SceneKitDaeFileTests.m in Sources */ = {isa = PBXBuildFile; fileRef = 824B9BAA1B557F5A006C58DF /* SceneKitDaeFileTests.m */; };
		824B9BB51B5580FE006C58DF /* SceneKit.framework in Frameworks */ = {isa = PBXBuildFile; fileRef = 824B9BB41B5580FE006C58DF /* SceneKit.framework */; };
		824B9BC51B559306006C58DF /* GoogleEarth.jpg in Resources */ = {isa = PBXBuildFile; fileRef = 824B9BC41B559306006C58DF /* GoogleEarth.jpg */; };
		825126FF1B7549C900E81511 /* scenes.scnassets in Resources */ = {isa = PBXBuildFile; fileRef = 825126FE1B7549C900E81511 /* scenes.scnassets */; };
		8251FE591B7934F70021C1BA /* singleBuilding.m in Sources */ = {isa = PBXBuildFile; fileRef = 8251FE581B7934F70021C1BA /* singleBuilding.m */; };
		8251FE5C1B793B8D0021C1BA /* groupBuildings.m in Sources */ = {isa = PBXBuildFile; fileRef = 8251FE5B1B793B8D0021C1BA /* groupBuildings.m */; };
		8251FE5E1B7A951C0021C1BA /* singleBuilding.json in Resources */ = {isa = PBXBuildFile; fileRef = 8251FE5D1B7A951C0021C1BA /* singleBuilding.json */; };
		8251FE6E1B7CD5830021C1BA /* groupBuildings.json in Resources */ = {isa = PBXBuildFile; fileRef = 8251FE6D1B7CD5830021C1BA /* groupBuildings.json */; };
/* End PBXBuildFile section */

/* Begin PBXContainerItemProxy section */
		824B9BA51B557F5A006C58DF /* PBXContainerItemProxy */ = {
			isa = PBXContainerItemProxy;
			containerPortal = 824B9B831B557F5A006C58DF /* Project object */;
			proxyType = 1;
			remoteGlobalIDString = 824B9B8A1B557F5A006C58DF;
			remoteInfo = SceneKitDaeFile;
		};
/* End PBXContainerItemProxy section */

/* Begin PBXFileReference section */
		822823F61B8656E3004154E7 /* MBProgressHUD.h */ = {isa = PBXFileReference; fileEncoding = 4; lastKnownFileType = sourcecode.c.h; path = MBProgressHUD.h; sourceTree = "<group>"; };
		822823F71B8656E3004154E7 /* MBProgressHUD.m */ = {isa = PBXFileReference; fileEncoding = 4; lastKnownFileType = sourcecode.c.objc; path = MBProgressHUD.m; sourceTree = "<group>"; };
		823464B41B910064005DA3E0 /* Context_BLDGs_00_02.dae */ = {isa = PBXFileReference; fileEncoding = 4; lastKnownFileType = text.xml.dae; path = Context_BLDGs_00_02.dae; sourceTree = "<group>"; };
		823464B51B910064005DA3E0 /* Context_BLDGs_01_02.dae */ = {isa = PBXFileReference; fileEncoding = 4; lastKnownFileType = text.xml.dae; path = Context_BLDGs_01_02.dae; sourceTree = "<group>"; };
		823464B61B910064005DA3E0 /* Context_BLDGs_02_02.dae */ = {isa = PBXFileReference; fileEncoding = 4; lastKnownFileType = text.xml.dae; path = Context_BLDGs_02_02.dae; sourceTree = "<group>"; };
		823464B71B910064005DA3E0 /* Context_BLDGs_03_02.dae */ = {isa = PBXFileReference; fileEncoding = 4; lastKnownFileType = text.xml.dae; path = Context_BLDGs_03_02.dae; sourceTree = "<group>"; };
		823464B81B910064005DA3E0 /* Context_BLDGs_04_02.dae */ = {isa = PBXFileReference; fileEncoding = 4; lastKnownFileType = text.xml.dae; path = Context_BLDGs_04_02.dae; sourceTree = "<group>"; };
		823464B91B910064005DA3E0 /* Docks_02.dae */ = {isa = PBXFileReference; fileEncoding = 4; lastKnownFileType = text.xml.dae; path = Docks_02.dae; sourceTree = "<group>"; };
		823464BA1B910064005DA3E0 /* Harbor_Point_02.dae */ = {isa = PBXFileReference; fileEncoding = 4; lastKnownFileType = text.xml.dae; path = Harbor_Point_02.dae; sourceTree = "<group>"; };
		823464BB1B910064005DA3E0 /* Land_And_Water_02.dae */ = {isa = PBXFileReference; fileEncoding = 4; lastKnownFileType = text.xml.dae; path = Land_And_Water_02.dae; sourceTree = "<group>"; };
		823464BC1B910064005DA3E0 /* Model_Base_02.dae */ = {isa = PBXFileReference; fileEncoding = 4; lastKnownFileType = text.xml.dae; path = Model_Base_02.dae; sourceTree = "<group>"; };
		823464BD1B910064005DA3E0 /* Playground_01_A_02.dae */ = {isa = PBXFileReference; fileEncoding = 4; lastKnownFileType = text.xml.dae; path = Playground_01_A_02.dae; sourceTree = "<group>"; };
		823464BE1B910064005DA3E0 /* Playground_02_A_02.dae */ = {isa = PBXFileReference; fileEncoding = 4; lastKnownFileType = text.xml.dae; path = Playground_02_A_02.dae; sourceTree = "<group>"; };
		823464BF1B910064005DA3E0 /* Project_Site_02.dae */ = {isa = PBXFileReference; fileEncoding = 4; lastKnownFileType = text.xml.dae; path = Project_Site_02.dae; sourceTree = "<group>"; };
		824B9B8B1B557F5A006C58DF /* SceneKitDaeFile.app */ = {isa = PBXFileReference; explicitFileType = wrapper.application; includeInIndex = 0; path = SceneKitDaeFile.app; sourceTree = BUILT_PRODUCTS_DIR; };
		824B9B8F1B557F5A006C58DF /* Info.plist */ = {isa = PBXFileReference; lastKnownFileType = text.plist.xml; path = Info.plist; sourceTree = "<group>"; };
		824B9B901B557F5A006C58DF /* main.m */ = {isa = PBXFileReference; lastKnownFileType = sourcecode.c.objc; path = main.m; sourceTree = "<group>"; };
		824B9B921B557F5A006C58DF /* AppDelegate.h */ = {isa = PBXFileReference; lastKnownFileType = sourcecode.c.h; path = AppDelegate.h; sourceTree = "<group>"; };
		824B9B931B557F5A006C58DF /* AppDelegate.m */ = {isa = PBXFileReference; lastKnownFileType = sourcecode.c.objc; path = AppDelegate.m; sourceTree = "<group>"; };
		824B9B951B557F5A006C58DF /* ViewController.h */ = {isa = PBXFileReference; lastKnownFileType = sourcecode.c.h; path = ViewController.h; sourceTree = "<group>"; };
		824B9B961B557F5A006C58DF /* ViewController.m */ = {isa = PBXFileReference; lastKnownFileType = sourcecode.c.objc; path = ViewController.m; sourceTree = "<group>"; };
		824B9B991B557F5A006C58DF /* Base */ = {isa = PBXFileReference; lastKnownFileType = file.storyboard; name = Base; path = Base.lproj/Main.storyboard; sourceTree = "<group>"; };
		824B9B9B1B557F5A006C58DF /* Images.xcassets */ = {isa = PBXFileReference; lastKnownFileType = folder.assetcatalog; path = Images.xcassets; sourceTree = "<group>"; };
		824B9B9E1B557F5A006C58DF /* Base */ = {isa = PBXFileReference; lastKnownFileType = file.xib; name = Base; path = Base.lproj/LaunchScreen.xib; sourceTree = "<group>"; };
		824B9BA41B557F5A006C58DF /* SceneKitDaeFileTests.xctest */ = {isa = PBXFileReference; explicitFileType = wrapper.cfbundle; includeInIndex = 0; path = SceneKitDaeFileTests.xctest; sourceTree = BUILT_PRODUCTS_DIR; };
		824B9BA91B557F5A006C58DF /* Info.plist */ = {isa = PBXFileReference; lastKnownFileType = text.plist.xml; path = Info.plist; sourceTree = "<group>"; };
		824B9BAA1B557F5A006C58DF /* SceneKitDaeFileTests.m */ = {isa = PBXFileReference; lastKnownFileType = sourcecode.c.objc; path = SceneKitDaeFileTests.m; sourceTree = "<group>"; };
		824B9BB41B5580FE006C58DF /* SceneKit.framework */ = {isa = PBXFileReference; lastKnownFileType = wrapper.framework; name = SceneKit.framework; path = System/Library/Frameworks/SceneKit.framework; sourceTree = SDKROOT; };
		824B9BC41B559306006C58DF /* GoogleEarth.jpg */ = {isa = PBXFileReference; lastKnownFileType = image.jpeg; path = GoogleEarth.jpg; sourceTree = "<group>"; };
		825126FE1B7549C900E81511 /* scenes.scnassets */ = {isa = PBXFileReference; lastKnownFileType = wrapper.scnassets; path = scenes.scnassets; sourceTree = "<group>"; };
		8251FE571B7934F70021C1BA /* singleBuilding.h */ = {isa = PBXFileReference; fileEncoding = 4; lastKnownFileType = sourcecode.c.h; path = singleBuilding.h; sourceTree = "<group>"; };
		8251FE581B7934F70021C1BA /* singleBuilding.m */ = {isa = PBXFileReference; fileEncoding = 4; lastKnownFileType = sourcecode.c.objc; path = singleBuilding.m; sourceTree = "<group>"; };
		8251FE5A1B793B8D0021C1BA /* groupBuildings.h */ = {isa = PBXFileReference; fileEncoding = 4; lastKnownFileType = sourcecode.c.h; path = groupBuildings.h; sourceTree = "<group>"; };
		8251FE5B1B793B8D0021C1BA /* groupBuildings.m */ = {isa = PBXFileReference; fileEncoding = 4; lastKnownFileType = sourcecode.c.objc; path = groupBuildings.m; sourceTree = "<group>"; };
		8251FE5D1B7A951C0021C1BA /* singleBuilding.json */ = {isa = PBXFileReference; fileEncoding = 4; lastKnownFileType = text.json; path = singleBuilding.json; sourceTree = "<group>"; };
		8251FE6D1B7CD5830021C1BA /* groupBuildings.json */ = {isa = PBXFileReference; fileEncoding = 4; lastKnownFileType = text.json; path = groupBuildings.json; sourceTree = "<group>"; };
/* End PBXFileReference section */

/* Begin PBXFrameworksBuildPhase section */
		824B9B881B557F5A006C58DF /* Frameworks */ = {
			isa = PBXFrameworksBuildPhase;
			buildActionMask = 2147483647;
			files = (
				824B9BB51B5580FE006C58DF /* SceneKit.framework in Frameworks */,
			);
			runOnlyForDeploymentPostprocessing = 0;
		};
		824B9BA11B557F5A006C58DF /* Frameworks */ = {
			isa = PBXFrameworksBuildPhase;
			buildActionMask = 2147483647;
			files = (
			);
			runOnlyForDeploymentPostprocessing = 0;
		};
/* End PBXFrameworksBuildPhase section */

/* Begin PBXGroup section */
		823464B31B910064005DA3E0 /* 08:28_models */ = {
			isa = PBXGroup;
			children = (
				823464B41B910064005DA3E0 /* Context_BLDGs_00_02.dae */,
				823464B51B910064005DA3E0 /* Context_BLDGs_01_02.dae */,
				823464B61B910064005DA3E0 /* Context_BLDGs_02_02.dae */,
				823464B71B910064005DA3E0 /* Context_BLDGs_03_02.dae */,
				823464B81B910064005DA3E0 /* Context_BLDGs_04_02.dae */,
				823464B91B910064005DA3E0 /* Docks_02.dae */,
				823464BA1B910064005DA3E0 /* Harbor_Point_02.dae */,
				823464BB1B910064005DA3E0 /* Land_And_Water_02.dae */,
				823464BC1B910064005DA3E0 /* Model_Base_02.dae */,
				823464BD1B910064005DA3E0 /* Playground_01_A_02.dae */,
				823464BE1B910064005DA3E0 /* Playground_02_A_02.dae */,
				823464BF1B910064005DA3E0 /* Project_Site_02.dae */,
			);
			path = "08:28_models";
			sourceTree = "<group>";
		};
		824B9B821B557F5A006C58DF = {
			isa = PBXGroup;
			children = (
				824B9BB41B5580FE006C58DF /* SceneKit.framework */,
				824B9B8D1B557F5A006C58DF /* SceneKitDaeFile */,
				824B9BA71B557F5A006C58DF /* SceneKitDaeFileTests */,
				824B9B8C1B557F5A006C58DF /* Products */,
			);
			sourceTree = "<group>";
		};
		824B9B8C1B557F5A006C58DF /* Products */ = {
			isa = PBXGroup;
			children = (
				824B9B8B1B557F5A006C58DF /* SceneKitDaeFile.app */,
				824B9BA41B557F5A006C58DF /* SceneKitDaeFileTests.xctest */,
			);
			name = Products;
			sourceTree = "<group>";
		};
		824B9B8D1B557F5A006C58DF /* SceneKitDaeFile */ = {
			isa = PBXGroup;
			children = (
				824B9B921B557F5A006C58DF /* AppDelegate.h */,
				824B9B931B557F5A006C58DF /* AppDelegate.m */,
				824B9B951B557F5A006C58DF /* ViewController.h */,
				824B9B961B557F5A006C58DF /* ViewController.m */,
				824B9B981B557F5A006C58DF /* Main.storyboard */,
				8251FE571B7934F70021C1BA /* singleBuilding.h */,
				8251FE581B7934F70021C1BA /* singleBuilding.m */,
				8251FE5D1B7A951C0021C1BA /* singleBuilding.json */,
				8251FE5A1B793B8D0021C1BA /* groupBuildings.h */,
				8251FE5B1B793B8D0021C1BA /* groupBuildings.m */,
				8251FE6D1B7CD5830021C1BA /* groupBuildings.json */,
				824B9BC41B559306006C58DF /* GoogleEarth.jpg */,
				822823F61B8656E3004154E7 /* MBProgressHUD.h */,
				822823F71B8656E3004154E7 /* MBProgressHUD.m */,
				823464B31B910064005DA3E0 /* 08:28_models */,
				825126FE1B7549C900E81511 /* scenes.scnassets */,
				824B9B9B1B557F5A006C58DF /* Images.xcassets */,
				824B9B9D1B557F5A006C58DF /* LaunchScreen.xib */,
				824B9B8E1B557F5A006C58DF /* Supporting Files */,
			);
			path = SceneKitDaeFile;
			sourceTree = "<group>";
		};
		824B9B8E1B557F5A006C58DF /* Supporting Files */ = {
			isa = PBXGroup;
			children = (
				824B9B8F1B557F5A006C58DF /* Info.plist */,
				824B9B901B557F5A006C58DF /* main.m */,
			);
			name = "Supporting Files";
			sourceTree = "<group>";
		};
		824B9BA71B557F5A006C58DF /* SceneKitDaeFileTests */ = {
			isa = PBXGroup;
			children = (
				824B9BAA1B557F5A006C58DF /* SceneKitDaeFileTests.m */,
				824B9BA81B557F5A006C58DF /* Supporting Files */,
			);
			path = SceneKitDaeFileTests;
			sourceTree = "<group>";
		};
		824B9BA81B557F5A006C58DF /* Supporting Files */ = {
			isa = PBXGroup;
			children = (
				824B9BA91B557F5A006C58DF /* Info.plist */,
			);
			name = "Supporting Files";
			sourceTree = "<group>";
		};
/* End PBXGroup section */

/* Begin PBXNativeTarget section */
		824B9B8A1B557F5A006C58DF /* SceneKitDaeFile */ = {
			isa = PBXNativeTarget;
			buildConfigurationList = 824B9BAE1B557F5A006C58DF /* Build configuration list for PBXNativeTarget "SceneKitDaeFile" */;
			buildPhases = (
				824B9B871B557F5A006C58DF /* Sources */,
				824B9B881B557F5A006C58DF /* Frameworks */,
				824B9B891B557F5A006C58DF /* Resources */,
			);
			buildRules = (
			);
			dependencies = (
			);
			name = SceneKitDaeFile;
			productName = SceneKitDaeFile;
			productReference = 824B9B8B1B557F5A006C58DF /* SceneKitDaeFile.app */;
			productType = "com.apple.product-type.application";
		};
		824B9BA31B557F5A006C58DF /* SceneKitDaeFileTests */ = {
			isa = PBXNativeTarget;
			buildConfigurationList = 824B9BB11B557F5A006C58DF /* Build configuration list for PBXNativeTarget "SceneKitDaeFileTests" */;
			buildPhases = (
				824B9BA01B557F5A006C58DF /* Sources */,
				824B9BA11B557F5A006C58DF /* Frameworks */,
				824B9BA21B557F5A006C58DF /* Resources */,
			);
			buildRules = (
			);
			dependencies = (
				824B9BA61B557F5A006C58DF /* PBXTargetDependency */,
			);
			name = SceneKitDaeFileTests;
			productName = SceneKitDaeFileTests;
			productReference = 824B9BA41B557F5A006C58DF /* SceneKitDaeFileTests.xctest */;
			productType = "com.apple.product-type.bundle.unit-test";
		};
/* End PBXNativeTarget section */

/* Begin PBXProject section */
		824B9B831B557F5A006C58DF /* Project object */ = {
			isa = PBXProject;
			attributes = {
				LastUpgradeCheck = 0630;
				ORGANIZATIONNAME = "Xiaohe Hu";
				TargetAttributes = {
					824B9B8A1B557F5A006C58DF = {
						CreatedOnToolsVersion = 6.3.2;
						DevelopmentTeam = 97VHU5A6BJ;
					};
					824B9BA31B557F5A006C58DF = {
						CreatedOnToolsVersion = 6.3.2;
						TestTargetID = 824B9B8A1B557F5A006C58DF;
					};
				};
			};
			buildConfigurationList = 824B9B861B557F5A006C58DF /* Build configuration list for PBXProject "SceneKitDaeFile" */;
			compatibilityVersion = "Xcode 3.2";
			developmentRegion = English;
			hasScannedForEncodings = 0;
			knownRegions = (
				en,
				Base,
			);
			mainGroup = 824B9B821B557F5A006C58DF;
			productRefGroup = 824B9B8C1B557F5A006C58DF /* Products */;
			projectDirPath = "";
			projectRoot = "";
			targets = (
				824B9B8A1B557F5A006C58DF /* SceneKitDaeFile */,
				824B9BA31B557F5A006C58DF /* SceneKitDaeFileTests */,
			);
		};
/* End PBXProject section */

/* Begin PBXResourcesBuildPhase section */
		824B9B891B557F5A006C58DF /* Resources */ = {
			isa = PBXResourcesBuildPhase;
			buildActionMask = 2147483647;
			files = (
				825126FF1B7549C900E81511 /* scenes.scnassets in Resources */,
				824B9B9A1B557F5A006C58DF /* Main.storyboard in Resources */,
				8251FE5E1B7A951C0021C1BA /* singleBuilding.json in Resources */,
				824B9BC51B559306006C58DF /* GoogleEarth.jpg in Resources */,
				823464C51B910064005DA3E0 /* Docks_02.dae in Resources */,
				823464C81B910064005DA3E0 /* Model_Base_02.dae in Resources */,
				823464C71B910064005DA3E0 /* Land_And_Water_02.dae in Resources */,
				823464C61B910064005DA3E0 /* Harbor_Point_02.dae in Resources */,
				823464CB1B910064005DA3E0 /* Project_Site_02.dae in Resources */,
				824B9B9F1B557F5A006C58DF /* LaunchScreen.xib in Resources */,
				823464C11B910064005DA3E0 /* Context_BLDGs_01_02.dae in Resources */,
				8251FE6E1B7CD5830021C1BA /* groupBuildings.json in Resources */,
				823464CA1B910064005DA3E0 /* Playground_02_A_02.dae in Resources */,
				823464C21B910064005DA3E0 /* Context_BLDGs_02_02.dae in Resources */,
				824B9B9C1B557F5A006C58DF /* Images.xcassets in Resources */,
				823464C31B910064005DA3E0 /* Context_BLDGs_03_02.dae in Resources */,
				823464C01B910064005DA3E0 /* Context_BLDGs_00_02.dae in Resources */,
				823464C41B910064005DA3E0 /* Context_BLDGs_04_02.dae in Resources */,
				823464C91B910064005DA3E0 /* Playground_01_A_02.dae in Resources */,
			);
			runOnlyForDeploymentPostprocessing = 0;
		};
		824B9BA21B557F5A006C58DF /* Resources */ = {
			isa = PBXResourcesBuildPhase;
			buildActionMask = 2147483647;
			files = (
			);
			runOnlyForDeploymentPostprocessing = 0;
		};
/* End PBXResourcesBuildPhase section */

/* Begin PBXSourcesBuildPhase section */
		824B9B871B557F5A006C58DF /* Sources */ = {
			isa = PBXSourcesBuildPhase;
			buildActionMask = 2147483647;
			files = (
				824B9B971B557F5A006C58DF /* ViewController.m in Sources */,
				822823F81B8656E3004154E7 /* MBProgressHUD.m in Sources */,
				824B9B941B557F5A006C58DF /* AppDelegate.m in Sources */,
				824B9B911B557F5A006C58DF /* main.m in Sources */,
				8251FE5C1B793B8D0021C1BA /* groupBuildings.m in Sources */,
				8251FE591B7934F70021C1BA /* singleBuilding.m in Sources */,
			);
			runOnlyForDeploymentPostprocessing = 0;
		};
		824B9BA01B557F5A006C58DF /* Sources */ = {
			isa = PBXSourcesBuildPhase;
			buildActionMask = 2147483647;
			files = (
				824B9BAB1B557F5A006C58DF /* SceneKitDaeFileTests.m in Sources */,
			);
			runOnlyForDeploymentPostprocessing = 0;
		};
/* End PBXSourcesBuildPhase section */

/* Begin PBXTargetDependency section */
		824B9BA61B557F5A006C58DF /* PBXTargetDependency */ = {
			isa = PBXTargetDependency;
			target = 824B9B8A1B557F5A006C58DF /* SceneKitDaeFile */;
			targetProxy = 824B9BA51B557F5A006C58DF /* PBXContainerItemProxy */;
		};
/* End PBXTargetDependency section */

/* Begin PBXVariantGroup section */
		824B9B981B557F5A006C58DF /* Main.storyboard */ = {
			isa = PBXVariantGroup;
			children = (
				824B9B991B557F5A006C58DF /* Base */,
			);
			name = Main.storyboard;
			sourceTree = "<group>";
		};
		824B9B9D1B557F5A006C58DF /* LaunchScreen.xib */ = {
			isa = PBXVariantGroup;
			children = (
				824B9B9E1B557F5A006C58DF /* Base */,
			);
			name = LaunchScreen.xib;
			sourceTree = "<group>";
		};
/* End PBXVariantGroup section */

/* Begin XCBuildConfiguration section */
		824B9BAC1B557F5A006C58DF /* Debug */ = {
			isa = XCBuildConfiguration;
			buildSettings = {
				ALWAYS_SEARCH_USER_PATHS = NO;
				CLANG_CXX_LANGUAGE_STANDARD = "gnu++0x";
				CLANG_CXX_LIBRARY = "libc++";
				CLANG_ENABLE_MODULES = YES;
				CLANG_ENABLE_OBJC_ARC = YES;
				CLANG_WARN_BOOL_CONVERSION = YES;
				CLANG_WARN_CONSTANT_CONVERSION = YES;
				CLANG_WARN_DIRECT_OBJC_ISA_USAGE = YES_ERROR;
				CLANG_WARN_EMPTY_BODY = YES;
				CLANG_WARN_ENUM_CONVERSION = YES;
				CLANG_WARN_INT_CONVERSION = YES;
				CLANG_WARN_OBJC_ROOT_CLASS = YES_ERROR;
				CLANG_WARN_UNREACHABLE_CODE = YES;
				CLANG_WARN__DUPLICATE_METHOD_MATCH = YES;
				CODE_SIGN_IDENTITY = "iPhone Distribution: Neoscape, Incorporated";
				"CODE_SIGN_IDENTITY[sdk=iphoneos*]" = "iPhone Developer";
				COPY_PHASE_STRIP = NO;
				DEBUG_INFORMATION_FORMAT = "dwarf-with-dsym";
				ENABLE_STRICT_OBJC_MSGSEND = YES;
				GCC_C_LANGUAGE_STANDARD = gnu99;
				GCC_DYNAMIC_NO_PIC = NO;
				GCC_NO_COMMON_BLOCKS = YES;
				GCC_OPTIMIZATION_LEVEL = 0;
				GCC_PREPROCESSOR_DEFINITIONS = (
					"DEBUG=1",
					"$(inherited)",
				);
				GCC_SYMBOLS_PRIVATE_EXTERN = NO;
				GCC_WARN_64_TO_32_BIT_CONVERSION = YES;
				GCC_WARN_ABOUT_RETURN_TYPE = YES_ERROR;
				GCC_WARN_UNDECLARED_SELECTOR = YES;
				GCC_WARN_UNINITIALIZED_AUTOS = YES_AGGRESSIVE;
				GCC_WARN_UNUSED_FUNCTION = YES;
				GCC_WARN_UNUSED_VARIABLE = YES;
				IPHONEOS_DEPLOYMENT_TARGET = 8.3;
				MTL_ENABLE_DEBUG_INFO = YES;
				ONLY_ACTIVE_ARCH = YES;
				PROVISIONING_PROFILE = "ac7e9baa-2c52-4e22-9cf0-21224a54a4e7";
				SDKROOT = iphoneos;
				TARGETED_DEVICE_FAMILY = "1,2";
			};
			name = Debug;
		};
		824B9BAD1B557F5A006C58DF /* Release */ = {
			isa = XCBuildConfiguration;
			buildSettings = {
				ALWAYS_SEARCH_USER_PATHS = NO;
				CLANG_CXX_LANGUAGE_STANDARD = "gnu++0x";
				CLANG_CXX_LIBRARY = "libc++";
				CLANG_ENABLE_MODULES = YES;
				CLANG_ENABLE_OBJC_ARC = YES;
				CLANG_WARN_BOOL_CONVERSION = YES;
				CLANG_WARN_CONSTANT_CONVERSION = YES;
				CLANG_WARN_DIRECT_OBJC_ISA_USAGE = YES_ERROR;
				CLANG_WARN_EMPTY_BODY = YES;
				CLANG_WARN_ENUM_CONVERSION = YES;
				CLANG_WARN_INT_CONVERSION = YES;
				CLANG_WARN_OBJC_ROOT_CLASS = YES_ERROR;
				CLANG_WARN_UNREACHABLE_CODE = YES;
				CLANG_WARN__DUPLICATE_METHOD_MATCH = YES;
				CODE_SIGN_IDENTITY = "iPhone Distribution: Neoscape, Incorporated";
				"CODE_SIGN_IDENTITY[sdk=iphoneos*]" = "iPhone Developer";
				COPY_PHASE_STRIP = NO;
				DEBUG_INFORMATION_FORMAT = "dwarf-with-dsym";
				ENABLE_NS_ASSERTIONS = NO;
				ENABLE_STRICT_OBJC_MSGSEND = YES;
				GCC_C_LANGUAGE_STANDARD = gnu99;
				GCC_NO_COMMON_BLOCKS = YES;
				GCC_WARN_64_TO_32_BIT_CONVERSION = YES;
				GCC_WARN_ABOUT_RETURN_TYPE = YES_ERROR;
				GCC_WARN_UNDECLARED_SELECTOR = YES;
				GCC_WARN_UNINITIALIZED_AUTOS = YES_AGGRESSIVE;
				GCC_WARN_UNUSED_FUNCTION = YES;
				GCC_WARN_UNUSED_VARIABLE = YES;
				IPHONEOS_DEPLOYMENT_TARGET = 8.3;
				MTL_ENABLE_DEBUG_INFO = NO;
				PROVISIONING_PROFILE = "ac7e9baa-2c52-4e22-9cf0-21224a54a4e7";
				SDKROOT = iphoneos;
				TARGETED_DEVICE_FAMILY = "1,2";
				VALIDATE_PRODUCT = YES;
			};
			name = Release;
		};
		824B9BAF1B557F5A006C58DF /* Debug */ = {
			isa = XCBuildConfiguration;
			buildSettings = {
				ASSETCATALOG_COMPILER_APPICON_NAME = AppIcon;
				CODE_SIGN_IDENTITY = "iPhone Developer";
				"CODE_SIGN_IDENTITY[sdk=iphoneos*]" = "iPhone Developer";
				INFOPLIST_FILE = SceneKitDaeFile/Info.plist;
				IPHONEOS_DEPLOYMENT_TARGET = 8.0;
				LD_RUNPATH_SEARCH_PATHS = "$(inherited) @executable_path/Frameworks";
				PRODUCT_NAME = "$(TARGET_NAME)";
				PROVISIONING_PROFILE = "";
				TARGETED_DEVICE_FAMILY = 2;
			};
			name = Debug;
		};
		824B9BB01B557F5A006C58DF /* Release */ = {
			isa = XCBuildConfiguration;
			buildSettings = {
				ASSETCATALOG_COMPILER_APPICON_NAME = AppIcon;
				CODE_SIGN_IDENTITY = "iPhone Developer";
				"CODE_SIGN_IDENTITY[sdk=iphoneos*]" = "iPhone Developer";
				INFOPLIST_FILE = SceneKitDaeFile/Info.plist;
				IPHONEOS_DEPLOYMENT_TARGET = 8.0;
				LD_RUNPATH_SEARCH_PATHS = "$(inherited) @executable_path/Frameworks";
				PRODUCT_NAME = "$(TARGET_NAME)";
				PROVISIONING_PROFILE = "";
				TARGETED_DEVICE_FAMILY = 2;
			};
			name = Release;
		};
		824B9BB21B557F5A006C58DF /* Debug */ = {
			isa = XCBuildConfiguration;
			buildSettings = {
				BUNDLE_LOADER = "$(TEST_HOST)";
				FRAMEWORK_SEARCH_PATHS = (
					"$(SDKROOT)/Developer/Library/Frameworks",
					"$(inherited)",
				);
				GCC_PREPROCESSOR_DEFINITIONS = (
					"DEBUG=1",
					"$(inherited)",
				);
				INFOPLIST_FILE = SceneKitDaeFileTests/Info.plist;
				LD_RUNPATH_SEARCH_PATHS = "$(inherited) @executable_path/Frameworks @loader_path/Frameworks";
				PRODUCT_NAME = "$(TARGET_NAME)";
				TEST_HOST = "$(BUILT_PRODUCTS_DIR)/SceneKitDaeFile.app/SceneKitDaeFile";
			};
			name = Debug;
		};
		824B9BB31B557F5A006C58DF /* Release */ = {
			isa = XCBuildConfiguration;
			buildSettings = {
				BUNDLE_LOADER = "$(TEST_HOST)";
				FRAMEWORK_SEARCH_PATHS = (
					"$(SDKROOT)/Developer/Library/Frameworks",
					"$(inherited)",
				);
				INFOPLIST_FILE = SceneKitDaeFileTests/Info.plist;
				LD_RUNPATH_SEARCH_PATHS = "$(inherited) @executable_path/Frameworks @loader_path/Frameworks";
				PRODUCT_NAME = "$(TARGET_NAME)";
				TEST_HOST = "$(BUILT_PRODUCTS_DIR)/SceneKitDaeFile.app/SceneKitDaeFile";
			};
			name = Release;
		};
/* End XCBuildConfiguration section */

/* Begin XCConfigurationList section */
		824B9B861B557F5A006C58DF /* Build configuration list for PBXProject "SceneKitDaeFile" */ = {
			isa = XCConfigurationList;
			buildConfigurations = (
				824B9BAC1B557F5A006C58DF /* Debug */,
				824B9BAD1B557F5A006C58DF /* Release */,
			);
			defaultConfigurationIsVisible = 0;
			defaultConfigurationName = Release;
		};
		824B9BAE1B557F5A006C58DF /* Build configuration list for PBXNativeTarget "SceneKitDaeFile" */ = {
			isa = XCConfigurationList;
			buildConfigurations = (
				824B9BAF1B557F5A006C58DF /* Debug */,
				824B9BB01B557F5A006C58DF /* Release */,
			);
			defaultConfigurationIsVisible = 0;
			defaultConfigurationName = Release;
		};
		824B9BB11B557F5A006C58DF /* Build configuration list for PBXNativeTarget "SceneKitDaeFileTests" */ = {
			isa = XCConfigurationList;
			buildConfigurations = (
				824B9BB21B557F5A006C58DF /* Debug */,
				824B9BB31B557F5A006C58DF /* Release */,
			);
			defaultConfigurationIsVisible = 0;
			defaultConfigurationName = Release;
		};
/* End XCConfigurationList section */
	};
	rootObject = 824B9B831B557F5A006C58DF /* Project object */;
}
